
Microsoft Visual Studio Solution File, Format Version 12.00
# Visual Studio 15
VisualStudioVersion = 15.0.28307.1738
MinimumVisualStudioVersion = 10.0.40219.1
Project("{F14B399A-7131-4C87-9E4B-1186C45EF12D}") = "USCITIES_SSRS", "USCITIES_SSRS\USCITIES_SSRS.rptproj", "{46E33E1D-DA94-4CDF-8A7E-9AE503CF0B1D}"
EndProject
Global
	GlobalSection(SolutionConfigurationPlatforms) = preSolution
		Debug|Default = Debug|Default
		DebugLocal|Default = DebugLocal|Default
		Release|Default = Release|Default
	EndGlobalSection
	GlobalSection(ProjectConfigurationPlatforms) = postSolution
		{46E33E1D-DA94-4CDF-8A7E-9AE503CF0B1D}.Debug|Default.ActiveCfg = Debug
		{46E33E1D-DA94-4CDF-8A7E-9AE503CF0B1D}.Debug|Default.Build.0 = Debug
		{46E33E1D-DA94-4CDF-8A7E-9AE503CF0B1D}.Debug|Default.Deploy.0 = Debug
		{46E33E1D-DA94-4CDF-8A7E-9AE503CF0B1D}.DebugLocal|Default.ActiveCfg = DebugLocal
		{46E33E1D-DA94-4CDF-8A7E-9AE503CF0B1D}.DebugLocal|Default.Build.0 = DebugLocal
		{46E33E1D-DA94-4CDF-8A7E-9AE503CF0B1D}.Release|Default.ActiveCfg = Release
		{46E33E1D-DA94-4CDF-8A7E-9AE503CF0B1D}.Release|Default.Build.0 = Release
		{46E33E1D-DA94-4CDF-8A7E-9AE503CF0B1D}.Release|Default.Deploy.0 = Release
	EndGlobalSection
	GlobalSection(SolutionProperties) = preSolution
		HideSolutionNode = FALSE
	EndGlobalSection
	GlobalSection(ExtensibilityGlobals) = postSolution
		SolutionGuid = {40683DE7-6C2D-43FE-9E7F-574CC6EA7047}
	EndGlobalSection
EndGlobal
